// !$*UTF8*$!
{
	archiveVersion = 1;
	classes = {
	};
	objectVersion = 46;
	objects = {

/* Begin PBXBuildFile section */
		1C4D310B1C23141100680264 /* MobileCoreServices.framework in Frameworks */ = {isa = PBXBuildFile; fileRef = 1C4D310A1C23141100680264 /* MobileCoreServices.framework */; };
		1C4D310D1C23142700680264 /* CFNetwork.framework in Frameworks */ = {isa = PBXBuildFile; fileRef = 1C4D310C1C23142700680264 /* CFNetwork.framework */; };
		1C4D310F1C23146C00680264 /* libstdc++.6.0.9.tbd in Frameworks */ = {isa = PBXBuildFile; fileRef = 1C4D310E1C23146C00680264 /* libstdc++.6.0.9.tbd */; };
		1C4D31111C23147C00680264 /* libsqlite3.tbd in Frameworks */ = {isa = PBXBuildFile; fileRef = 1C4D31101C23147C00680264 /* libsqlite3.tbd */; };
		1C4D31131C23148600680264 /* libxml2.tbd in Frameworks */ = {isa = PBXBuildFile; fileRef = 1C4D31121C23148600680264 /* libxml2.tbd */; };
		1C4D31151C23149700680264 /* libiconv.tbd in Frameworks */ = {isa = PBXBuildFile; fileRef = 1C4D31141C23149700680264 /* libiconv.tbd */; };
		1C4D31171C2314A500680264 /* libz.tbd in Frameworks */ = {isa = PBXBuildFile; fileRef = 1C4D31161C2314A500680264 /* libz.tbd */; };
		1C4D31191C2314B200680264 /* libresolv.tbd in Frameworks */ = {isa = PBXBuildFile; fileRef = 1C4D31181C2314B200680264 /* libresolv.tbd */; };
		1C4D311F1C23DFD500680264 /* HMStatusBarHUD.bundle in Resources */ = {isa = PBXBuildFile; fileRef = 1C4D311C1C23DFD500680264 /* HMStatusBarHUD.bundle */; };
		1C4D31201C23DFD500680264 /* libHMStatusBarHUD.a in Frameworks */ = {isa = PBXBuildFile; fileRef = 1C4D311E1C23DFD500680264 /* libHMStatusBarHUD.a */; };
		1CA1AFF01C22A0F300ECD28F /* main.m in Sources */ = {isa = PBXBuildFile; fileRef = 1CA1AFEF1C22A0F300ECD28F /* main.m */; };
		1CA1AFF31C22A0F300ECD28F /* AppDelegate.m in Sources */ = {isa = PBXBuildFile; fileRef = 1CA1AFF21C22A0F300ECD28F /* AppDelegate.m */; };
		1CA1AFF61C22A0F300ECD28F /* ViewController.m in Sources */ = {isa = PBXBuildFile; fileRef = 1CA1AFF51C22A0F300ECD28F /* ViewController.m */; };
		1CA1AFF91C22A0F300ECD28F /* Main.storyboard in Resources */ = {isa = PBXBuildFile; fileRef = 1CA1AFF71C22A0F300ECD28F /* Main.storyboard */; };
		1CA1AFFB1C22A0F300ECD28F /* Assets.xcassets in Resources */ = {isa = PBXBuildFile; fileRef = 1CA1AFFA1C22A0F300ECD28F /* Assets.xcassets */; };
		1CA1AFFE1C22A0F300ECD28F /* LaunchScreen.storyboard in Resources */ = {isa = PBXBuildFile; fileRef = 1CA1AFFC1C22A0F300ECD28F /* LaunchScreen.storyboard */; };
		1CA1B0091C22A0F300ECD28F /* YFChatTests.m in Sources */ = {isa = PBXBuildFile; fileRef = 1CA1B0081C22A0F300ECD28F /* YFChatTests.m */; };
		1CA1B0141C22A0F300ECD28F /* YFChatUITests.m in Sources */ = {isa = PBXBuildFile; fileRef = 1CA1B0131C22A0F300ECD28F /* YFChatUITests.m */; };
		1CAD41921C2AB0BE009F2BBA /* YFMainChatViewController.m in Sources */ = {isa = PBXBuildFile; fileRef = 1CAD41911C2AB0BE009F2BBA /* YFMainChatViewController.m */; };
		1CAD41A11C2BA2C8009F2BBA /* UserInfoManager.m in Sources */ = {isa = PBXBuildFile; fileRef = 1CAD41A01C2BA2C8009F2BBA /* UserInfoManager.m */; };
		1CAD41AA1C2BF7B6009F2BBA /* YFChatRoomController.m in Sources */ = {isa = PBXBuildFile; fileRef = 1CAD41A91C2BF7B6009F2BBA /* YFChatRoomController.m */; };
		F84C558A5E6DBE56E5FDFF0B /* libPods.a in Frameworks */ = {isa = PBXBuildFile; fileRef = 65094F0305E4A9E1DAA75577 /* libPods.a */; };
/* End PBXBuildFile section */

/* Begin PBXContainerItemProxy section */
		1CA1B0051C22A0F300ECD28F /* PBXContainerItemProxy */ = {
			isa = PBXContainerItemProxy;
			containerPortal = 1CA1AFE31C22A0F300ECD28F /* Project object */;
			proxyType = 1;
			remoteGlobalIDString = 1CA1AFEA1C22A0F300ECD28F;
			remoteInfo = YFChat;
		};
		1CA1B0101C22A0F300ECD28F /* PBXContainerItemProxy */ = {
			isa = PBXContainerItemProxy;
			containerPortal = 1CA1AFE31C22A0F300ECD28F /* Project object */;
			proxyType = 1;
			remoteGlobalIDString = 1CA1AFEA1C22A0F300ECD28F;
			remoteInfo = YFChat;
		};
/* End PBXContainerItemProxy section */

/* Begin PBXFileReference section */
		183A5E1242374507A168FFD5 /* Pods.debug.xcconfig */ = {isa = PBXFileReference; includeInIndex = 1; lastKnownFileType = text.xcconfig; name = Pods.debug.xcconfig; path = "Pods/Target Support Files/Pods/Pods.debug.xcconfig"; sourceTree = "<group>"; };
		1C4D310A1C23141100680264 /* MobileCoreServices.framework */ = {isa = PBXFileReference; lastKnownFileType = wrapper.framework; name = MobileCoreServices.framework; path = System/Library/Frameworks/MobileCoreServices.framework; sourceTree = SDKROOT; };
		1C4D310C1C23142700680264 /* CFNetwork.framework */ = {isa = PBXFileReference; lastKnownFileType = wrapper.framework; name = CFNetwork.framework; path = System/Library/Frameworks/CFNetwork.framework; sourceTree = SDKROOT; };
		1C4D310E1C23146C00680264 /* libstdc++.6.0.9.tbd */ = {isa = PBXFileReference; lastKnownFileType = "sourcecode.text-based-dylib-definition"; name = "libstdc++.6.0.9.tbd"; path = "usr/lib/libstdc++.6.0.9.tbd"; sourceTree = SDKROOT; };
		1C4D31101C23147C00680264 /* libsqlite3.tbd */ = {isa = PBXFileReference; lastKnownFileType = "sourcecode.text-based-dylib-definition"; name = libsqlite3.tbd; path = usr/lib/libsqlite3.tbd; sourceTree = SDKROOT; };
		1C4D31121C23148600680264 /* libxml2.tbd */ = {isa = PBXFileReference; lastKnownFileType = "sourcecode.text-based-dylib-definition"; name = libxml2.tbd; path = usr/lib/libxml2.tbd; sourceTree = SDKROOT; };
		1C4D31141C23149700680264 /* libiconv.tbd */ = {isa = PBXFileReference; lastKnownFileType = "sourcecode.text-based-dylib-definition"; name = libiconv.tbd; path = usr/lib/libiconv.tbd; sourceTree = SDKROOT; };
		1C4D31161C2314A500680264 /* libz.tbd */ = {isa = PBXFileReference; lastKnownFileType = "sourcecode.text-based-dylib-definition"; name = libz.tbd; path = usr/lib/libz.tbd; sourceTree = SDKROOT; };
		1C4D31181C2314B200680264 /* libresolv.tbd */ = {isa = PBXFileReference; lastKnownFileType = "sourcecode.text-based-dylib-definition"; name = libresolv.tbd; path = usr/lib/libresolv.tbd; sourceTree = SDKROOT; };
		1C4D311C1C23DFD500680264 /* HMStatusBarHUD.bundle */ = {isa = PBXFileReference; lastKnownFileType = "wrapper.plug-in"; path = HMStatusBarHUD.bundle; sourceTree = "<group>"; };
		1C4D311D1C23DFD500680264 /* HMStatusBarHUD.h */ = {isa = PBXFileReference; fileEncoding = 4; lastKnownFileType = sourcecode.c.h; path = HMStatusBarHUD.h; sourceTree = "<group>"; };
		1C4D311E1C23DFD500680264 /* libHMStatusBarHUD.a */ = {isa = PBXFileReference; lastKnownFileType = archive.ar; path = libHMStatusBarHUD.a; sourceTree = "<group>"; };
		1C4D31211C23E06B00680264 /* YFPrefixHeader.pch */ = {isa = PBXFileReference; lastKnownFileType = sourcecode.c.h; path = YFPrefixHeader.pch; sourceTree = "<group>"; };
		1CA1AFEB1C22A0F300ECD28F /* YFChat.app */ = {isa = PBXFileReference; explicitFileType = wrapper.application; includeInIndex = 0; path = YFChat.app; sourceTree = BUILT_PRODUCTS_DIR; };
		1CA1AFEF1C22A0F300ECD28F /* main.m */ = {isa = PBXFileReference; lastKnownFileType = sourcecode.c.objc; path = main.m; sourceTree = "<group>"; };
		1CA1AFF11C22A0F300ECD28F /* AppDelegate.h */ = {isa = PBXFileReference; lastKnownFileType = sourcecode.c.h; path = AppDelegate.h; sourceTree = "<group>"; };
		1CA1AFF21C22A0F300ECD28F /* AppDelegate.m */ = {isa = PBXFileReference; lastKnownFileType = sourcecode.c.objc; path = AppDelegate.m; sourceTree = "<group>"; };
		1CA1AFF41C22A0F300ECD28F /* ViewController.h */ = {isa = PBXFileReference; lastKnownFileType = sourcecode.c.h; name = ViewController.h; path = ../ViewController.h; sourceTree = "<group>"; };
		1CA1AFF51C22A0F300ECD28F /* ViewController.m */ = {isa = PBXFileReference; lastKnownFileType = sourcecode.c.objc; name = ViewController.m; path = ../ViewController.m; sourceTree = "<group>"; };
		1CA1AFF81C22A0F300ECD28F /* Base */ = {isa = PBXFileReference; lastKnownFileType = file.storyboard; name = Base; path = Base.lproj/Main.storyboard; sourceTree = "<group>"; };
		1CA1AFFA1C22A0F300ECD28F /* Assets.xcassets */ = {isa = PBXFileReference; lastKnownFileType = folder.assetcatalog; path = Assets.xcassets; sourceTree = "<group>"; };
		1CA1AFFD1C22A0F300ECD28F /* Base */ = {isa = PBXFileReference; lastKnownFileType = file.storyboard; name = Base; path = Base.lproj/LaunchScreen.storyboard; sourceTree = "<group>"; };
		1CA1AFFF1C22A0F300ECD28F /* Info.plist */ = {isa = PBXFileReference; lastKnownFileType = text.plist.xml; path = Info.plist; sourceTree = "<group>"; };
		1CA1B0041C22A0F300ECD28F /* YFChatTests.xctest */ = {isa = PBXFileReference; explicitFileType = wrapper.cfbundle; includeInIndex = 0; path = YFChatTests.xctest; sourceTree = BUILT_PRODUCTS_DIR; };
		1CA1B0081C22A0F300ECD28F /* YFChatTests.m */ = {isa = PBXFileReference; lastKnownFileType = sourcecode.c.objc; path = YFChatTests.m; sourceTree = "<group>"; };
		1CA1B00A1C22A0F300ECD28F /* Info.plist */ = {isa = PBXFileReference; lastKnownFileType = text.plist.xml; path = Info.plist; sourceTree = "<group>"; };
		1CA1B00F1C22A0F300ECD28F /* YFChatUITests.xctest */ = {isa = PBXFileReference; explicitFileType = wrapper.cfbundle; includeInIndex = 0; path = YFChatUITests.xctest; sourceTree = BUILT_PRODUCTS_DIR; };
		1CA1B0131C22A0F300ECD28F /* YFChatUITests.m */ = {isa = PBXFileReference; lastKnownFileType = sourcecode.c.objc; path = YFChatUITests.m; sourceTree = "<group>"; };
		1CA1B0151C22A0F300ECD28F /* Info.plist */ = {isa = PBXFileReference; lastKnownFileType = text.plist.xml; path = Info.plist; sourceTree = "<group>"; };
		1CAD41901C2AB0BE009F2BBA /* YFMainChatViewController.h */ = {isa = PBXFileReference; fileEncoding = 4; lastKnownFileType = sourcecode.c.h; name = YFMainChatViewController.h; path = YFChat/YFMainChatViewController.h; sourceTree = SOURCE_ROOT; };
		1CAD41911C2AB0BE009F2BBA /* YFMainChatViewController.m */ = {isa = PBXFileReference; fileEncoding = 4; lastKnownFileType = sourcecode.c.objc; name = YFMainChatViewController.m; path = YFChat/YFMainChatViewController.m; sourceTree = SOURCE_ROOT; };
		1CAD419F1C2BA2C8009F2BBA /* UserInfoManager.h */ = {isa = PBXFileReference; fileEncoding = 4; lastKnownFileType = sourcecode.c.h; path = UserInfoManager.h; sourceTree = "<group>"; };
		1CAD41A01C2BA2C8009F2BBA /* UserInfoManager.m */ = {isa = PBXFileReference; fileEncoding = 4; lastKnownFileType = sourcecode.c.objc; path = UserInfoManager.m; sourceTree = "<group>"; };
		1CAD41A81C2BF7B6009F2BBA /* YFChatRoomController.h */ = {isa = PBXFileReference; fileEncoding = 4; lastKnownFileType = sourcecode.c.h; path = YFChatRoomController.h; sourceTree = "<group>"; };
		1CAD41A91C2BF7B6009F2BBA /* YFChatRoomController.m */ = {isa = PBXFileReference; fileEncoding = 4; lastKnownFileType = sourcecode.c.objc; path = YFChatRoomController.m; sourceTree = "<group>"; };
		65094F0305E4A9E1DAA75577 /* libPods.a */ = {isa = PBXFileReference; explicitFileType = archive.ar; includeInIndex = 0; path = libPods.a; sourceTree = BUILT_PRODUCTS_DIR; };
		F8B7C6B219166E4E0542FDA0 /* Pods.release.xcconfig */ = {isa = PBXFileReference; includeInIndex = 1; lastKnownFileType = text.xcconfig; name = Pods.release.xcconfig; path = "Pods/Target Support Files/Pods/Pods.release.xcconfig"; sourceTree = "<group>"; };
/* End PBXFileReference section */

/* Begin PBXFrameworksBuildPhase section */
		1CA1AFE81C22A0F300ECD28F /* Frameworks */ = {
			isa = PBXFrameworksBuildPhase;
			buildActionMask = 2147483647;
			files = (
				1C4D31201C23DFD500680264 /* libHMStatusBarHUD.a in Frameworks */,
				1C4D31191C2314B200680264 /* libresolv.tbd in Frameworks */,
				1C4D31171C2314A500680264 /* libz.tbd in Frameworks */,
				1C4D31151C23149700680264 /* libiconv.tbd in Frameworks */,
				1C4D31131C23148600680264 /* libxml2.tbd in Frameworks */,
				1C4D31111C23147C00680264 /* libsqlite3.tbd in Frameworks */,
				1C4D310F1C23146C00680264 /* libstdc++.6.0.9.tbd in Frameworks */,
				1C4D310D1C23142700680264 /* CFNetwork.framework in Frameworks */,
				1C4D310B1C23141100680264 /* MobileCoreServices.framework in Frameworks */,
				F84C558A5E6DBE56E5FDFF0B /* libPods.a in Frameworks */,
			);
			runOnlyForDeploymentPostprocessing = 0;
		};
		1CA1B0011C22A0F300ECD28F /* Frameworks */ = {
			isa = PBXFrameworksBuildPhase;
			buildActionMask = 2147483647;
			files = (
			);
			runOnlyForDeploymentPostprocessing = 0;
		};
		1CA1B00C1C22A0F300ECD28F /* Frameworks */ = {
			isa = PBXFrameworksBuildPhase;
			buildActionMask = 2147483647;
			files = (
			);
			runOnlyForDeploymentPostprocessing = 0;
		};
/* End PBXFrameworksBuildPhase section */

/* Begin PBXGroup section */
		1C4D311A1C23DFC800680264 /* lib */ = {
			isa = PBXGroup;
			children = (
				1C4D311B1C23DFD500680264 /* HMStatusBarHUD库文件 */,
			);
			name = lib;
			sourceTree = "<group>";
		};
		1C4D311B1C23DFD500680264 /* HMStatusBarHUD库文件 */ = {
			isa = PBXGroup;
			children = (
				1C4D311C1C23DFD500680264 /* HMStatusBarHUD.bundle */,
				1C4D311D1C23DFD500680264 /* HMStatusBarHUD.h */,
				1C4D311E1C23DFD500680264 /* libHMStatusBarHUD.a */,
			);
			path = "HMStatusBarHUD库文件";
			sourceTree = "<group>";
		};
		1CA1AFE21C22A0F300ECD28F = {
			isa = PBXGroup;
			children = (
				1CA1AFED1C22A0F300ECD28F /* YFChat */,
				1CA1B0071C22A0F300ECD28F /* YFChatTests */,
				1CA1B0121C22A0F300ECD28F /* YFChatUITests */,
				1CA1AFEC1C22A0F300ECD28F /* Products */,
				BB567914FB220A18A69F9E2A /* Pods */,
				56E830479F9B042632133D51 /* Frameworks */,
			);
			sourceTree = "<group>";
		};
		1CA1AFEC1C22A0F300ECD28F /* Products */ = {
			isa = PBXGroup;
			children = (
				1CA1AFEB1C22A0F300ECD28F /* YFChat.app */,
				1CA1B0041C22A0F300ECD28F /* YFChatTests.xctest */,
				1CA1B00F1C22A0F300ECD28F /* YFChatUITests.xctest */,
			);
			name = Products;
			sourceTree = "<group>";
		};
		1CA1AFED1C22A0F300ECD28F /* YFChat */ = {
			isa = PBXGroup;
			children = (
				1C4D311A1C23DFC800680264 /* lib */,
				1CAD414E1C27D9B8009F2BBA /* Login */,
				1CAD414F1C27D9E4009F2BBA /* Mine */,
				1CAD41501C27DA12009F2BBA /* Chat */,
				1CA1AFF11C22A0F300ECD28F /* AppDelegate.h */,
				1CA1AFF21C22A0F300ECD28F /* AppDelegate.m */,
				1CA1AFFA1C22A0F300ECD28F /* Assets.xcassets */,
				1CA1AFFC1C22A0F300ECD28F /* LaunchScreen.storyboard */,
				1CA1AFFF1C22A0F300ECD28F /* Info.plist */,
				1CA1AFEE1C22A0F300ECD28F /* Supporting Files */,
			);
			path = YFChat;
			sourceTree = "<group>";
		};
		1CA1AFEE1C22A0F300ECD28F /* Supporting Files */ = {
			isa = PBXGroup;
			children = (
				1CA1AFEF1C22A0F300ECD28F /* main.m */,
				1C4D31211C23E06B00680264 /* YFPrefixHeader.pch */,
			);
			name = "Supporting Files";
			sourceTree = "<group>";
		};
		1CA1B0071C22A0F300ECD28F /* YFChatTests */ = {
			isa = PBXGroup;
			children = (
				1CA1B0081C22A0F300ECD28F /* YFChatTests.m */,
				1CA1B00A1C22A0F300ECD28F /* Info.plist */,
			);
			path = YFChatTests;
			sourceTree = "<group>";
		};
		1CA1B0121C22A0F300ECD28F /* YFChatUITests */ = {
			isa = PBXGroup;
			children = (
				1CA1B0131C22A0F300ECD28F /* YFChatUITests.m */,
				1CA1B0151C22A0F300ECD28F /* Info.plist */,
			);
			path = YFChatUITests;
			sourceTree = "<group>";
		};
		1CAD414E1C27D9B8009F2BBA /* Login */ = {
			isa = PBXGroup;
			children = (
				1CA1AFF41C22A0F300ECD28F /* ViewController.h */,
				1CA1AFF51C22A0F300ECD28F /* ViewController.m */,
				1CA1AFF71C22A0F300ECD28F /* Main.storyboard */,
				1CAD419F1C2BA2C8009F2BBA /* UserInfoManager.h */,
				1CAD41A01C2BA2C8009F2BBA /* UserInfoManager.m */,
			);
			name = Login;
			path = "HMStatusBarHUD库文件";
			sourceTree = "<group>";
		};
		1CAD414F1C27D9E4009F2BBA /* Mine */ = {
			isa = PBXGroup;
			children = (
				1CAD41901C2AB0BE009F2BBA /* YFMainChatViewController.h */,
				1CAD41911C2AB0BE009F2BBA /* YFMainChatViewController.m */,
			);
			name = Mine;
			path = "HMStatusBarHUD库文件";
			sourceTree = "<group>";
		};
		1CAD41501C27DA12009F2BBA /* Chat */ = {
			isa = PBXGroup;
			children = (
				1CAD41A81C2BF7B6009F2BBA /* YFChatRoomController.h */,
				1CAD41A91C2BF7B6009F2BBA /* YFChatRoomController.m */,
			);
			name = Chat;
			sourceTree = "<group>";
		};
		56E830479F9B042632133D51 /* Frameworks */ = {
			isa = PBXGroup;
			children = (
				1C4D31181C2314B200680264 /* libresolv.tbd */,
				1C4D31161C2314A500680264 /* libz.tbd */,
				1C4D31141C23149700680264 /* libiconv.tbd */,
				1C4D31121C23148600680264 /* libxml2.tbd */,
				1C4D31101C23147C00680264 /* libsqlite3.tbd */,
				1C4D310E1C23146C00680264 /* libstdc++.6.0.9.tbd */,
				1C4D310C1C23142700680264 /* CFNetwork.framework */,
				1C4D310A1C23141100680264 /* MobileCoreServices.framework */,
				65094F0305E4A9E1DAA75577 /* libPods.a */,
			);
			name = Frameworks;
			sourceTree = "<group>";
		};
		BB567914FB220A18A69F9E2A /* Pods */ = {
			isa = PBXGroup;
			children = (
				183A5E1242374507A168FFD5 /* Pods.debug.xcconfig */,
				F8B7C6B219166E4E0542FDA0 /* Pods.release.xcconfig */,
			);
			name = Pods;
			sourceTree = "<group>";
		};
/* End PBXGroup section */

/* Begin PBXNativeTarget section */
		1CA1AFEA1C22A0F300ECD28F /* YFChat */ = {
			isa = PBXNativeTarget;
			buildConfigurationList = 1CA1B0181C22A0F300ECD28F /* Build configuration list for PBXNativeTarget "YFChat" */;
			buildPhases = (
				E768490DE32CBE1DEF851630 /* Check Pods Manifest.lock */,
				1CA1AFE71C22A0F300ECD28F /* Sources */,
				1CA1AFE81C22A0F300ECD28F /* Frameworks */,
				1CA1AFE91C22A0F300ECD28F /* Resources */,
				BF4B18501CBA09621CA54AE2 /* Embed Pods Frameworks */,
				214987CD923376922C1FFD8A /* Copy Pods Resources */,
			);
			buildRules = (
			);
			dependencies = (
			);
			name = YFChat;
			productName = YFChat;
			productReference = 1CA1AFEB1C22A0F300ECD28F /* YFChat.app */;
			productType = "com.apple.product-type.application";
		};
		1CA1B0031C22A0F300ECD28F /* YFChatTests */ = {
			isa = PBXNativeTarget;
			buildConfigurationList = 1CA1B01B1C22A0F300ECD28F /* Build configuration list for PBXNativeTarget "YFChatTests" */;
			buildPhases = (
				1CA1B0001C22A0F300ECD28F /* Sources */,
				1CA1B0011C22A0F300ECD28F /* Frameworks */,
				1CA1B0021C22A0F300ECD28F /* Resources */,
			);
			buildRules = (
			);
			dependencies = (
				1CA1B0061C22A0F300ECD28F /* PBXTargetDependency */,
			);
			name = YFChatTests;
			productName = YFChatTests;
			productReference = 1CA1B0041C22A0F300ECD28F /* YFChatTests.xctest */;
			productType = "com.apple.product-type.bundle.unit-test";
		};
		1CA1B00E1C22A0F300ECD28F /* YFChatUITests */ = {
			isa = PBXNativeTarget;
			buildConfigurationList = 1CA1B01E1C22A0F300ECD28F /* Build configuration list for PBXNativeTarget "YFChatUITests" */;
			buildPhases = (
				1CA1B00B1C22A0F300ECD28F /* Sources */,
				1CA1B00C1C22A0F300ECD28F /* Frameworks */,
				1CA1B00D1C22A0F300ECD28F /* Resources */,
			);
			buildRules = (
			);
			dependencies = (
				1CA1B0111C22A0F300ECD28F /* PBXTargetDependency */,
			);
			name = YFChatUITests;
			productName = YFChatUITests;
			productReference = 1CA1B00F1C22A0F300ECD28F /* YFChatUITests.xctest */;
			productType = "com.apple.product-type.bundle.ui-testing";
		};
/* End PBXNativeTarget section */

/* Begin PBXProject section */
		1CA1AFE31C22A0F300ECD28F /* Project object */ = {
			isa = PBXProject;
			attributes = {
				LastUpgradeCheck = 0710;
				ORGANIZATIONNAME = "李永方";
				TargetAttributes = {
					1CA1AFEA1C22A0F300ECD28F = {
						CreatedOnToolsVersion = 7.1;
					};
					1CA1B0031C22A0F300ECD28F = {
						CreatedOnToolsVersion = 7.1;
						TestTargetID = 1CA1AFEA1C22A0F300ECD28F;
					};
					1CA1B00E1C22A0F300ECD28F = {
						CreatedOnToolsVersion = 7.1;
						TestTargetID = 1CA1AFEA1C22A0F300ECD28F;
					};
				};
			};
			buildConfigurationList = 1CA1AFE61C22A0F300ECD28F /* Build configuration list for PBXProject "YFChat" */;
			compatibilityVersion = "Xcode 3.2";
			developmentRegion = English;
			hasScannedForEncodings = 0;
			knownRegions = (
				en,
				Base,
			);
			mainGroup = 1CA1AFE21C22A0F300ECD28F;
			productRefGroup = 1CA1AFEC1C22A0F300ECD28F /* Products */;
			projectDirPath = "";
			projectRoot = "";
			targets = (
				1CA1AFEA1C22A0F300ECD28F /* YFChat */,
				1CA1B0031C22A0F300ECD28F /* YFChatTests */,
				1CA1B00E1C22A0F300ECD28F /* YFChatUITests */,
			);
		};
/* End PBXProject section */

/* Begin PBXResourcesBuildPhase section */
		1CA1AFE91C22A0F300ECD28F /* Resources */ = {
			isa = PBXResourcesBuildPhase;
			buildActionMask = 2147483647;
			files = (
				1C4D311F1C23DFD500680264 /* HMStatusBarHUD.bundle in Resources */,
				1CA1AFFE1C22A0F300ECD28F /* LaunchScreen.storyboard in Resources */,
				1CA1AFFB1C22A0F300ECD28F /* Assets.xcassets in Resources */,
				1CA1AFF91C22A0F300ECD28F /* Main.storyboard in Resources */,
			);
			runOnlyForDeploymentPostprocessing = 0;
		};
		1CA1B0021C22A0F300ECD28F /* Resources */ = {
			isa = PBXResourcesBuildPhase;
			buildActionMask = 2147483647;
			files = (
			);
			runOnlyForDeploymentPostprocessing = 0;
		};
		1CA1B00D1C22A0F300ECD28F /* Resources */ = {
			isa = PBXResourcesBuildPhase;
			buildActionMask = 2147483647;
			files = (
			);
			runOnlyForDeploymentPostprocessing = 0;
		};
/* End PBXResourcesBuildPhase section */

/* Begin PBXShellScriptBuildPhase section */
		214987CD923376922C1FFD8A /* Copy Pods Resources */ = {
			isa = PBXShellScriptBuildPhase;
			buildActionMask = 2147483647;
			files = (
			);
			inputPaths = (
			);
			name = "Copy Pods Resources";
			outputPaths = (
			);
			runOnlyForDeploymentPostprocessing = 0;
			shellPath = /bin/sh;
			shellScript = "\"${SRCROOT}/Pods/Target Support Files/Pods/Pods-resources.sh\"\n";
			showEnvVarsInLog = 0;
		};
		BF4B18501CBA09621CA54AE2 /* Embed Pods Frameworks */ = {
			isa = PBXShellScriptBuildPhase;
			buildActionMask = 2147483647;
			files = (
			);
			inputPaths = (
			);
			name = "Embed Pods Frameworks";
			outputPaths = (
			);
			runOnlyForDeploymentPostprocessing = 0;
			shellPath = /bin/sh;
			shellScript = "\"${SRCROOT}/Pods/Target Support Files/Pods/Pods-frameworks.sh\"\n";
			showEnvVarsInLog = 0;
		};
		E768490DE32CBE1DEF851630 /* Check Pods Manifest.lock */ = {
			isa = PBXShellScriptBuildPhase;
			buildActionMask = 2147483647;
			files = (
			);
			inputPaths = (
			);
			name = "Check Pods Manifest.lock";
			outputPaths = (
			);
			runOnlyForDeploymentPostprocessing = 0;
			shellPath = /bin/sh;
			shellScript = "diff \"${PODS_ROOT}/../Podfile.lock\" \"${PODS_ROOT}/Manifest.lock\" > /dev/null\nif [[ $? != 0 ]] ; then\n    cat << EOM\nerror: The sandbox is not in sync with the Podfile.lock. Run 'pod install' or update your CocoaPods installation.\nEOM\n    exit 1\nfi\n";
			showEnvVarsInLog = 0;
		};
/* End PBXShellScriptBuildPhase section */

/* Begin PBXSourcesBuildPhase section */
		1CA1AFE71C22A0F300ECD28F /* Sources */ = {
			isa = PBXSourcesBuildPhase;
			buildActionMask = 2147483647;
			files = (
				1CAD41A11C2BA2C8009F2BBA /* UserInfoManager.m in Sources */,
				1CAD41AA1C2BF7B6009F2BBA /* YFChatRoomController.m in Sources */,
				1CAD41921C2AB0BE009F2BBA /* YFMainChatViewController.m in Sources */,
				1CA1AFF61C22A0F300ECD28F /* ViewController.m in Sources */,
				1CA1AFF31C22A0F300ECD28F /* AppDelegate.m in Sources */,
				1CA1AFF01C22A0F300ECD28F /* main.m in Sources */,
			);
			runOnlyForDeploymentPostprocessing = 0;
		};
		1CA1B0001C22A0F300ECD28F /* Sources */ = {
			isa = PBXSourcesBuildPhase;
			buildActionMask = 2147483647;
			files = (
				1CA1B0091C22A0F300ECD28F /* YFChatTests.m in Sources */,
			);
			runOnlyForDeploymentPostprocessing = 0;
		};
		1CA1B00B1C22A0F300ECD28F /* Sources */ = {
			isa = PBXSourcesBuildPhase;
			buildActionMask = 2147483647;
			files = (
				1CA1B0141C22A0F300ECD28F /* YFChatUITests.m in Sources */,
			);
			runOnlyForDeploymentPostprocessing = 0;
		};
/* End PBXSourcesBuildPhase section */

/* Begin PBXTargetDependency section */
		1CA1B0061C22A0F300ECD28F /* PBXTargetDependency */ = {
			isa = PBXTargetDependency;
			target = 1CA1AFEA1C22A0F300ECD28F /* YFChat */;
			targetProxy = 1CA1B0051C22A0F300ECD28F /* PBXContainerItemProxy */;
		};
		1CA1B0111C22A0F300ECD28F /* PBXTargetDependency */ = {
			isa = PBXTargetDependency;
			target = 1CA1AFEA1C22A0F300ECD28F /* YFChat */;
			targetProxy = 1CA1B0101C22A0F300ECD28F /* PBXContainerItemProxy */;
		};
/* End PBXTargetDependency section */

/* Begin PBXVariantGroup section */
		1CA1AFF71C22A0F300ECD28F /* Main.storyboard */ = {
			isa = PBXVariantGroup;
			children = (
				1CA1AFF81C22A0F300ECD28F /* Base */,
			);
			name = Main.storyboard;
			path = ..;
			sourceTree = "<group>";
		};
		1CA1AFFC1C22A0F300ECD28F /* LaunchScreen.storyboard */ = {
			isa = PBXVariantGroup;
			children = (
				1CA1AFFD1C22A0F300ECD28F /* Base */,
			);
			name = LaunchScreen.storyboard;
			sourceTree = "<group>";
		};
/* End PBXVariantGroup section */

/* Begin XCBuildConfiguration section */
		1CA1B0161C22A0F300ECD28F /* Debug */ = {
			isa = XCBuildConfiguration;
			buildSettings = {
				ALWAYS_SEARCH_USER_PATHS = NO;
				CLANG_CXX_LANGUAGE_STANDARD = "gnu++0x";
				CLANG_CXX_LIBRARY = "libc++";
				CLANG_ENABLE_MODULES = YES;
				CLANG_ENABLE_OBJC_ARC = YES;
				CLANG_WARN_BOOL_CONVERSION = YES;
				CLANG_WARN_CONSTANT_CONVERSION = YES;
				CLANG_WARN_DIRECT_OBJC_ISA_USAGE = YES_ERROR;
				CLANG_WARN_EMPTY_BODY = YES;
				CLANG_WARN_ENUM_CONVERSION = YES;
				CLANG_WARN_INT_CONVERSION = YES;
				CLANG_WARN_OBJC_ROOT_CLASS = YES_ERROR;
				CLANG_WARN_UNREACHABLE_CODE = YES;
				CLANG_WARN__DUPLICATE_METHOD_MATCH = YES;
				"CODE_SIGN_IDENTITY[sdk=iphoneos*]" = "iPhone Developer";
				COPY_PHASE_STRIP = NO;
				DEBUG_INFORMATION_FORMAT = dwarf;
				ENABLE_STRICT_OBJC_MSGSEND = YES;
				ENABLE_TESTABILITY = YES;
				GCC_C_LANGUAGE_STANDARD = gnu99;
				GCC_DYNAMIC_NO_PIC = NO;
				GCC_NO_COMMON_BLOCKS = YES;
				GCC_OPTIMIZATION_LEVEL = 0;
				GCC_PREPROCESSOR_DEFINITIONS = (
					"DEBUG=1",
					"$(inherited)",
				);
				GCC_WARN_64_TO_32_BIT_CONVERSION = YES;
				GCC_WARN_ABOUT_RETURN_TYPE = YES_ERROR;
				GCC_WARN_UNDECLARED_SELECTOR = YES;
				GCC_WARN_UNINITIALIZED_AUTOS = YES_AGGRESSIVE;
				GCC_WARN_UNUSED_FUNCTION = YES;
				GCC_WARN_UNUSED_VARIABLE = YES;
				IPHONEOS_DEPLOYMENT_TARGET = 9.1;
				MTL_ENABLE_DEBUG_INFO = YES;
				ONLY_ACTIVE_ARCH = YES;
				SDKROOT = iphoneos;
			};
			name = Debug;
		};
		1CA1B0171C22A0F300ECD28F /* Release */ = {
			isa = XCBuildConfiguration;
			buildSettings = {
				ALWAYS_SEARCH_USER_PATHS = NO;
				CLANG_CXX_LANGUAGE_STANDARD = "gnu++0x";
				CLANG_CXX_LIBRARY = "libc++";
				CLANG_ENABLE_MODULES = YES;
				CLANG_ENABLE_OBJC_ARC = YES;
				CLANG_WARN_BOOL_CONVERSION = YES;
				CLANG_WARN_CONSTANT_CONVERSION = YES;
				CLANG_WARN_DIRECT_OBJC_ISA_USAGE = YES_ERROR;
				CLANG_WARN_EMPTY_BODY = YES;
				CLANG_WARN_ENUM_CONVERSION = YES;
				CLANG_WARN_INT_CONVERSION = YES;
				CLANG_WARN_OBJC_ROOT_CLASS = YES_ERROR;
				CLANG_WARN_UNREACHABLE_CODE = YES;
				CLANG_WARN__DUPLICATE_METHOD_MATCH = YES;
				"CODE_SIGN_IDENTITY[sdk=iphoneos*]" = "iPhone Developer";
				COPY_PHASE_STRIP = NO;
				DEBUG_INFORMATION_FORMAT = "dwarf-with-dsym";
				ENABLE_NS_ASSERTIONS = NO;
				ENABLE_STRICT_OBJC_MSGSEND = YES;
				GCC_C_LANGUAGE_STANDARD = gnu99;
				GCC_NO_COMMON_BLOCKS = YES;
				GCC_WARN_64_TO_32_BIT_CONVERSION = YES;
				GCC_WARN_ABOUT_RETURN_TYPE = YES_ERROR;
				GCC_WARN_UNDECLARED_SELECTOR = YES;
				GCC_WARN_UNINITIALIZED_AUTOS = YES_AGGRESSIVE;
				GCC_WARN_UNUSED_FUNCTION = YES;
				GCC_WARN_UNUSED_VARIABLE = YES;
				IPHONEOS_DEPLOYMENT_TARGET = 9.1;
				MTL_ENABLE_DEBUG_INFO = NO;
				SDKROOT = iphoneos;
				VALIDATE_PRODUCT = YES;
			};
			name = Release;
		};
		1CA1B0191C22A0F300ECD28F /* Debug */ = {
			isa = XCBuildConfiguration;
			baseConfigurationReference = 183A5E1242374507A168FFD5 /* Pods.debug.xcconfig */;
			buildSettings = {
				ASSETCATALOG_COMPILER_APPICON_NAME = AppIcon;
				GCC_PREFIX_HEADER = "$(SRCROOT)/YFChat/YFPrefixHeader.pch";
				INFOPLIST_FILE = YFChat/Info.plist;
				IPHONEOS_DEPLOYMENT_TARGET = 9.1;
				LD_RUNPATH_SEARCH_PATHS = "$(inherited) @executable_path/Frameworks";
				LIBRARY_SEARCH_PATHS = (
					"$(inherited)",
					"$(PROJECT_DIR)/YFChat/EaseMobSDK/lib",
					"$(PROJECT_DIR)/YFChat/lib",
					"$(PROJECT_DIR)/YFChat/HMStatusBarHUD库文件",
				);
				PRODUCT_BUNDLE_IDENTIFIER = "cn.heima-lyf1.YFChat";
				PRODUCT_NAME = "$(TARGET_NAME)";
			};
			name = Debug;
		};
		1CA1B01A1C22A0F300ECD28F /* Release */ = {
			isa = XCBuildConfiguration;
			baseConfigurationReference = F8B7C6B219166E4E0542FDA0 /* Pods.release.xcconfig */;
			buildSettings = {
				ASSETCATALOG_COMPILER_APPICON_NAME = AppIcon;
				GCC_PREFIX_HEADER = "$(SRCROOT)/YFChat/YFPrefixHeader.pch";
				INFOPLIST_FILE = YFChat/Info.plist;
				IPHONEOS_DEPLOYMENT_TARGET = 9.1;
				LD_RUNPATH_SEARCH_PATHS = "$(inherited) @executable_path/Frameworks";
				LIBRARY_SEARCH_PATHS = (
					"$(inherited)",
					"$(PROJECT_DIR)/YFChat/EaseMobSDK/lib",
					"$(PROJECT_DIR)/YFChat/lib",
					"$(PROJECT_DIR)/YFChat/HMStatusBarHUD库文件",
				);
				PRODUCT_BUNDLE_IDENTIFIER = "cn.heima-lyf1.YFChat";
				PRODUCT_NAME = "$(TARGET_NAME)";
			};
			name = Release;
		};
		1CA1B01C1C22A0F300ECD28F /* Debug */ = {
			isa = XCBuildConfiguration;
			buildSettings = {
				BUNDLE_LOADER = "$(TEST_HOST)";
				INFOPLIST_FILE = YFChatTests/Info.plist;
				LD_RUNPATH_SEARCH_PATHS = "$(inherited) @executable_path/Frameworks @loader_path/Frameworks";
				PRODUCT_BUNDLE_IDENTIFIER = "cn.heima-lyf1.YFChatTests";
				PRODUCT_NAME = "$(TARGET_NAME)";
				TEST_HOST = "$(BUILT_PRODUCTS_DIR)/YFChat.app/YFChat";
			};
			name = Debug;
		};
		1CA1B01D1C22A0F300ECD28F /* Release */ = {
			isa = XCBuildConfiguration;
			buildSettings = {
				BUNDLE_LOADER = "$(TEST_HOST)";
				INFOPLIST_FILE = YFChatTests/Info.plist;
				LD_RUNPATH_SEARCH_PATHS = "$(inherited) @executable_path/Frameworks @loader_path/Frameworks";
				PRODUCT_BUNDLE_IDENTIFIER = "cn.heima-lyf1.YFChatTests";
				PRODUCT_NAME = "$(TARGET_NAME)";
				TEST_HOST = "$(BUILT_PRODUCTS_DIR)/YFChat.app/YFChat";
			};
			name = Release;
		};
		1CA1B01F1C22A0F300ECD28F /* Debug */ = {
			isa = XCBuildConfiguration;
			buildSettings = {
				INFOPLIST_FILE = YFChatUITests/Info.plist;
				LD_RUNPATH_SEARCH_PATHS = "$(inherited) @executable_path/Frameworks @loader_path/Frameworks";
				PRODUCT_BUNDLE_IDENTIFIER = "cn.heima-lyf1.YFChatUITests";
				PRODUCT_NAME = "$(TARGET_NAME)";
				TEST_TARGET_NAME = YFChat;
				USES_XCTRUNNER = YES;
			};
			name = Debug;
		};
		1CA1B0201C22A0F300ECD28F /* Release */ = {
			isa = XCBuildConfiguration;
			buildSettings = {
				INFOPLIST_FILE = YFChatUITests/Info.plist;
				LD_RUNPATH_SEARCH_PATHS = "$(inherited) @executable_path/Frameworks @loader_path/Frameworks";
				PRODUCT_BUNDLE_IDENTIFIER = "cn.heima-lyf1.YFChatUITests";
				PRODUCT_NAME = "$(TARGET_NAME)";
				TEST_TARGET_NAME = YFChat;
				USES_XCTRUNNER = YES;
			};
			name = Release;
		};
/* End XCBuildConfiguration section */

/* Begin XCConfigurationList section */
		1CA1AFE61C22A0F300ECD28F /* Build configuration list for PBXProject "YFChat" */ = {
			isa = XCConfigurationList;
			buildConfigurations = (
				1CA1B0161C22A0F300ECD28F /* Debug */,
				1CA1B0171C22A0F300ECD28F /* Release */,
			);
			defaultConfigurationIsVisible = 0;
			defaultConfigurationName = Release;
		};
		1CA1B0181C22A0F300ECD28F /* Build configuration list for PBXNativeTarget "YFChat" */ = {
			isa = XCConfigurationList;
			buildConfigurations = (
				1CA1B0191C22A0F300ECD28F /* Debug */,
				1CA1B01A1C22A0F300ECD28F /* Release */,
			);
			defaultConfigurationIsVisible = 0;
			defaultConfigurationName = Release;
		};
		1CA1B01B1C22A0F300ECD28F /* Build configuration list for PBXNativeTarget "YFChatTests" */ = {
			isa = XCConfigurationList;
			buildConfigurations = (
				1CA1B01C1C22A0F300ECD28F /* Debug */,
				1CA1B01D1C22A0F300ECD28F /* Release */,
			);
			defaultConfigurationIsVisible = 0;
			defaultConfigurationName = Release;
		};
		1CA1B01E1C22A0F300ECD28F /* Build configuration list for PBXNativeTarget "YFChatUITests" */ = {
			isa = XCConfigurationList;
			buildConfigurations = (
				1CA1B01F1C22A0F300ECD28F /* Debug */,
				1CA1B0201C22A0F300ECD28F /* Release */,
			);
			defaultConfigurationIsVisible = 0;
			defaultConfigurationName = Release;
		};
/* End XCConfigurationList section */
	};
	rootObject = 1CA1AFE31C22A0F300ECD28F /* Project object */;
}
